
Microsoft Visual Studio Solution File, Format Version 12.00
# Visual Studio Version 17
VisualStudioVersion = 17.12.35728.132
MinimumVisualStudioVersion = 10.0.40219.1
Project("{FAE04EC0-301F-11D3-BF4B-00C04F79EFBC}") = "Catalog.API", "Services\Catalog\Catalog.API\Catalog.API.csproj", "{13252877-5F45-475C-BCC3-1F2A7B1DEA61}"
EndProject
Project("{FAE04EC0-301F-11D3-BF4B-00C04F79EFBC}") = "BuildingBlocks", "BuildingBlocks\BuildingBlocks\BuildingBlocks.csproj", "{E888DCEF-6782-44B8-8BE0-64E4EAAB948B}"
EndProject
Project("{E53339B2-1760-4266-BCC7-CA923CBCF16C}") = "docker-compose", "docker-compose.dcproj", "{5D884221-A4FB-4618-B466-091378C369F5}"
EndProject
Global
	GlobalSection(SolutionConfigurationPlatforms) = preSolution
		Debug|Any CPU = Debug|Any CPU
		Release|Any CPU = Release|Any CPU
	EndGlobalSection
	GlobalSection(ProjectConfigurationPlatforms) = postSolution
		{13252877-5F45-475C-BCC3-1F2A7B1DEA61}.Debug|Any CPU.ActiveCfg = Debug|Any CPU
		{13252877-5F45-475C-BCC3-1F2A7B1DEA61}.Debug|Any CPU.Build.0 = Debug|Any CPU
		{13252877-5F45-475C-BCC3-1F2A7B1DEA61}.Release|Any CPU.ActiveCfg = Release|Any CPU
		{13252877-5F45-475C-BCC3-1F2A7B1DEA61}.Release|Any CPU.Build.0 = Release|Any CPU
		{E888DCEF-6782-44B8-8BE0-64E4EAAB948B}.Debug|Any CPU.ActiveCfg = Debug|Any CPU
		{E888DCEF-6782-44B8-8BE0-64E4EAAB948B}.Debug|Any CPU.Build.0 = Debug|Any CPU
		{E888DCEF-6782-44B8-8BE0-64E4EAAB948B}.Release|Any CPU.ActiveCfg = Release|Any CPU
		{E888DCEF-6782-44B8-8BE0-64E4EAAB948B}.Release|Any CPU.Build.0 = Release|Any CPU
		{5D884221-A4FB-4618-B466-091378C369F5}.Debug|Any CPU.ActiveCfg = Debug|Any CPU
		{5D884221-A4FB-4618-B466-091378C369F5}.Debug|Any CPU.Build.0 = Debug|Any CPU
		{5D884221-A4FB-4618-B466-091378C369F5}.Release|Any CPU.ActiveCfg = Release|Any CPU
		{5D884221-A4FB-4618-B466-091378C369F5}.Release|Any CPU.Build.0 = Release|Any CPU
	EndGlobalSection
	GlobalSection(SolutionProperties) = preSolution
		HideSolutionNode = FALSE
	EndGlobalSection
EndGlobal
